Microsoft Visual Studio Solution File, Format Version 12.00
# Visual Studio Version 17
VisualStudioVersion = 17.5.2.0
MinimumVisualStudioVersion = 10.0.40219.1
Project("{FAE04EC0-301F-11D3-BF4B-00C04F79EFBC}") = "DemoApp", "DemoApp.csproj", "{4C763CE6-89EE-B4F4-BD0A-1C2F29DF8331}"
EndProject
Project("{FAE04EC0-301F-11D3-BF4B-00C04F79EFBC}") = "DemoApp.Tests", "DemoApp.Tests\DemoApp.Tests.csproj", "{9790A8FF-7B67-44B3-9885-691ED7193335}"
EndProject
Global
	GlobalSection(SolutionConfigurationPlatforms) = preSolution
		Debug|Any CPU = Debug|Any CPU
		Release|Any CPU = Release|Any CPU
	EndGlobalSection
	GlobalSection(ProjectConfigurationPlatforms) = postSolution
		{4C763CE6-89EE-B4F4-BD0A-1C2F29DF8331}.Debug|Any CPU.ActiveCfg = Debug|Any CPU
		{4C763CE6-89EE-B4F4-BD0A-1C2F29DF8331}.Debug|Any CPU.Build.0 = Debug|Any CPU
		{4C763CE6-89EE-B4F4-BD0A-1C2F29DF8331}.Release|Any CPU.ActiveCfg = Release|Any CPU
		{4C763CE6-89EE-B4F4-BD0A-1C2F29DF8331}.Release|Any CPU.Build.0 = Release|Any CPU
		{9790A8FF-7B67-44B3-9885-691ED7193335}.Debug|Any CPU.ActiveCfg = Debug|Any CPU
		{9790A8FF-7B67-44B3-9885-691ED7193335}.Debug|Any CPU.Build.0 = Debug|Any CPU
		{9790A8FF-7B67-44B3-9885-691ED7193335}.Release|Any CPU.ActiveCfg = Release|Any CPU
		{9790A8FF-7B67-44B3-9885-691ED7193335}.Release|Any CPU.Build.0 = Release|Any CPU
	EndGlobalSection
	GlobalSection(SolutionProperties) = preSolution
		HideSolutionNode = FALSE
	EndGlobalSection
	GlobalSection(ExtensibilityGlobals) = postSolution
		SolutionGuid = {CB28CD31-35B8-442A-BDF2-90DFA92FC886}
	EndGlobalSection
EndGlobal
